
Microsoft Visual Studio Solution File, Format Version 12.00
# Visual Studio 15
VisualStudioVersion = 15.0.27004.2005
MinimumVisualStudioVersion = 10.0.40219.1
Project("{F184B08F-C81C-45F6-A57F-5ABD9991F28F}") = "Examen2014_1ev", "Examen2014_1ev\Examen2014_1ev.vbproj", "{DACC36DF-2FD2-46A8-A47F-B2622762017B}"
EndProject
Global
	GlobalSection(SolutionConfigurationPlatforms) = preSolution
		Debug|Any CPU = Debug|Any CPU
		Release|Any CPU = Release|Any CPU
	EndGlobalSection
	GlobalSection(ProjectConfigurationPlatforms) = postSolution
		{DACC36DF-2FD2-46A8-A47F-B2622762017B}.Debug|Any CPU.ActiveCfg = Debug|Any CPU
		{DACC36DF-2FD2-46A8-A47F-B2622762017B}.Debug|Any CPU.Build.0 = Debug|Any CPU
		{DACC36DF-2FD2-46A8-A47F-B2622762017B}.Release|Any CPU.ActiveCfg = Release|Any CPU
		{DACC36DF-2FD2-46A8-A47F-B2622762017B}.Release|Any CPU.Build.0 = Release|Any CPU
	EndGlobalSection
	GlobalSection(SolutionProperties) = preSolution
		HideSolutionNode = FALSE
	EndGlobalSection
	GlobalSection(ExtensibilityGlobals) = postSolution
		SolutionGuid = {50C37C63-4B1E-485A-859D-572F3DF61D57}
	EndGlobalSection
EndGlobal
