
Microsoft Visual Studio Solution File, Format Version 12.00
# Visual Studio 15
VisualStudioVersion = 15.0.27004.2005
MinimumVisualStudioVersion = 10.0.40219.1
Project("{F184B08F-C81C-45F6-A57F-5ABD9991F28F}") = "MARIO_Examen_2ev", "MARIO_Examen_2ev\MARIO_Examen_2ev.vbproj", "{84B68F26-8E92-48B2-B961-F796A4CA26FD}"
EndProject
Global
	GlobalSection(SolutionConfigurationPlatforms) = preSolution
		Debug|Any CPU = Debug|Any CPU
		Release|Any CPU = Release|Any CPU
	EndGlobalSection
	GlobalSection(ProjectConfigurationPlatforms) = postSolution
		{84B68F26-8E92-48B2-B961-F796A4CA26FD}.Debug|Any CPU.ActiveCfg = Debug|Any CPU
		{84B68F26-8E92-48B2-B961-F796A4CA26FD}.Debug|Any CPU.Build.0 = Debug|Any CPU
		{84B68F26-8E92-48B2-B961-F796A4CA26FD}.Release|Any CPU.ActiveCfg = Release|Any CPU
		{84B68F26-8E92-48B2-B961-F796A4CA26FD}.Release|Any CPU.Build.0 = Release|Any CPU
	EndGlobalSection
	GlobalSection(SolutionProperties) = preSolution
		HideSolutionNode = FALSE
	EndGlobalSection
	GlobalSection(ExtensibilityGlobals) = postSolution
		SolutionGuid = {0DD3D639-7C41-403C-A2BE-BC21D76612CB}
	EndGlobalSection
EndGlobal
